
Microsoft Visual Studio Solution File, Format Version 12.00
# Visual Studio Version 17
VisualStudioVersion = 17.10.35013.160
MinimumVisualStudioVersion = 10.0.40219.1
Project("{FAE04EC0-301F-11D3-BF4B-00C04F79EFBC}") = "BillBookApiConsuming", "BillBookApiConsuming.csproj", "{42B7CDCD-7BE5-4845-8EAB-0F1108947CC2}"
EndProject
Global
	GlobalSection(SolutionConfigurationPlatforms) = preSolution
		Debug|Any CPU = Debug|Any CPU
		Release|Any CPU = Release|Any CPU
	EndGlobalSection
	GlobalSection(ProjectConfigurationPlatforms) = postSolution
		{42B7CDCD-7BE5-4845-8EAB-0F1108947CC2}.Debug|Any CPU.ActiveCfg = Debug|Any CPU
		{42B7CDCD-7BE5-4845-8EAB-0F1108947CC2}.Debug|Any CPU.Build.0 = Debug|Any CPU
		{42B7CDCD-7BE5-4845-8EAB-0F1108947CC2}.Release|Any CPU.ActiveCfg = Release|Any CPU
		{42B7CDCD-7BE5-4845-8EAB-0F1108947CC2}.Release|Any CPU.Build.0 = Release|Any CPU
	EndGlobalSection
	GlobalSection(SolutionProperties) = preSolution
		HideSolutionNode = FALSE
	EndGlobalSection
	GlobalSection(ExtensibilityGlobals) = postSolution
		SolutionGuid = {AA2D647E-6A29-408F-812E-937D5EEE8875}
	EndGlobalSection
EndGlobal
